
Microsoft Visual Studio Solution File, Format Version 12.00
# Visual Studio Version 16
VisualStudioVersion = 16.0.31829.152
MinimumVisualStudioVersion = 10.0.40219.1
Project("{FAE04EC0-301F-11D3-BF4B-00C04F79EFBC}") = "PKX Extraction", "PKX Extraction.csproj", "{644D00B4-9C4E-41B7-A5B9-8024DF37CB6E}"
EndProject
Global
	GlobalSection(SolutionConfigurationPlatforms) = preSolution
		Debug|Any CPU = Debug|Any CPU
		Release|Any CPU = Release|Any CPU
	EndGlobalSection
	GlobalSection(ProjectConfigurationPlatforms) = postSolution
		{644D00B4-9C4E-41B7-A5B9-8024DF37CB6E}.Debug|Any CPU.ActiveCfg = Debug|Any CPU
		{644D00B4-9C4E-41B7-A5B9-8024DF37CB6E}.Debug|Any CPU.Build.0 = Debug|Any CPU
		{644D00B4-9C4E-41B7-A5B9-8024DF37CB6E}.Release|Any CPU.ActiveCfg = Release|Any CPU
		{644D00B4-9C4E-41B7-A5B9-8024DF37CB6E}.Release|Any CPU.Build.0 = Release|Any CPU
	EndGlobalSection
	GlobalSection(SolutionProperties) = preSolution
		HideSolutionNode = FALSE
	EndGlobalSection
	GlobalSection(ExtensibilityGlobals) = postSolution
		SolutionGuid = {86A4A734-ADB8-4632-96C8-01191F0AB79A}
	EndGlobalSection
EndGlobal
